Microsoft Visual Studio Solution File, Format Version 12.00
# Visual Studio 2013
VisualStudioVersion = 12.0.21005.1
MinimumVisualStudioVersion = 10.0.40219.1
Project("{FAE04EC0-301F-11D3-BF4B-00C04F79EFBC}") = "bclx", "bclx\bclx.csproj", "{ADA87525-4E3A-41B0-950B-9005FC95A740}"
EndProject
Project("{FAE04EC0-301F-11D3-BF4B-00C04F79EFBC}") = "ConsoleApplication1", "ConsoleApplication1\ConsoleApplication1.csproj", "{650A0EB1-53A8-4582-9F16-DC14AFDFE5A1}"
EndProject
Global
	GlobalSection(SolutionConfigurationPlatforms) = preSolution
		Debug|Any CPU = Debug|Any CPU
		Release|Any CPU = Release|Any CPU
	EndGlobalSection
	GlobalSection(ProjectConfigurationPlatforms) = postSolution
		{ADA87525-4E3A-41B0-950B-9005FC95A740}.Debug|Any CPU.ActiveCfg = Debug|Any CPU
		{ADA87525-4E3A-41B0-950B-9005FC95A740}.Debug|Any CPU.Build.0 = Debug|Any CPU
		{ADA87525-4E3A-41B0-950B-9005FC95A740}.Release|Any CPU.ActiveCfg = Release|Any CPU
		{ADA87525-4E3A-41B0-950B-9005FC95A740}.Release|Any CPU.Build.0 = Release|Any CPU
		{650A0EB1-53A8-4582-9F16-DC14AFDFE5A1}.Debug|Any CPU.ActiveCfg = Debug|Any CPU
		{650A0EB1-53A8-4582-9F16-DC14AFDFE5A1}.Debug|Any CPU.Build.0 = Debug|Any CPU
		{650A0EB1-53A8-4582-9F16-DC14AFDFE5A1}.Release|Any CPU.ActiveCfg = Release|Any CPU
		{650A0EB1-53A8-4582-9F16-DC14AFDFE5A1}.Release|Any CPU.Build.0 = Release|Any CPU
	EndGlobalSection
	GlobalSection(SolutionProperties) = preSolution
		HideSolutionNode = FALSE
	EndGlobalSection
EndGlobal
